
Microsoft Visual Studio Solution File, Format Version 12.00
# Visual Studio 15
VisualStudioVersion = 15.0.28307.779
MinimumVisualStudioVersion = 10.0.40219.1
Project("{9A19103F-16F7-4668-BE54-9A1E7A4F7556}") = "PromtInputBotDemo", "PromtInputBotDemo\PromtInputBotDemo.csproj", "{C85826D7-4185-427B-8428-67114447C74B}"
EndProject
Global
	GlobalSection(SolutionConfigurationPlatforms) = preSolution
		Debug|Any CPU = Debug|Any CPU
		Release|Any CPU = Release|Any CPU
	EndGlobalSection
	GlobalSection(ProjectConfigurationPlatforms) = postSolution
		{C85826D7-4185-427B-8428-67114447C74B}.Debug|Any CPU.ActiveCfg = Debug|Any CPU
		{C85826D7-4185-427B-8428-67114447C74B}.Debug|Any CPU.Build.0 = Debug|Any CPU
		{C85826D7-4185-427B-8428-67114447C74B}.Release|Any CPU.ActiveCfg = Release|Any CPU
		{C85826D7-4185-427B-8428-67114447C74B}.Release|Any CPU.Build.0 = Release|Any CPU
	EndGlobalSection
	GlobalSection(SolutionProperties) = preSolution
		HideSolutionNode = FALSE
	EndGlobalSection
	GlobalSection(ExtensibilityGlobals) = postSolution
		SolutionGuid = {8340B959-D011-4F1B-A525-186E5E32DA1C}
	EndGlobalSection
EndGlobal
